
Microsoft Visual Studio Solution File, Format Version 12.00
# Visual Studio 15
VisualStudioVersion = 15.0.28307.271
MinimumVisualStudioVersion = 10.0.40219.1
Project("{FAE04EC0-301F-11D3-BF4B-00C04F79EFBC}") = "HelloWorld", "HelloWorld\HelloWorld.csproj", "{F061BC4C-AA62-4240-AC3F-E70DB548A2BA}"
EndProject
Global
	GlobalSection(SolutionConfigurationPlatforms) = preSolution
		Debug|Any CPU = Debug|Any CPU
		Release|Any CPU = Release|Any CPU
	EndGlobalSection
	GlobalSection(ProjectConfigurationPlatforms) = postSolution
		{F061BC4C-AA62-4240-AC3F-E70DB548A2BA}.Debug|Any CPU.ActiveCfg = Debug|Any CPU
		{F061BC4C-AA62-4240-AC3F-E70DB548A2BA}.Debug|Any CPU.Build.0 = Debug|Any CPU
		{F061BC4C-AA62-4240-AC3F-E70DB548A2BA}.Release|Any CPU.ActiveCfg = Release|Any CPU
		{F061BC4C-AA62-4240-AC3F-E70DB548A2BA}.Release|Any CPU.Build.0 = Release|Any CPU
	EndGlobalSection
	GlobalSection(SolutionProperties) = preSolution
		HideSolutionNode = FALSE
	EndGlobalSection
	GlobalSection(ExtensibilityGlobals) = postSolution
		SolutionGuid = {53508569-A471-40F2-B1DC-93B3D7607FEC}
	EndGlobalSection
EndGlobal
