
Microsoft Visual Studio Solution File, Format Version 12.00
# Visual Studio 15
VisualStudioVersion = 15.0.28307.271
MinimumVisualStudioVersion = 10.0.40219.1
Project("{FAE04EC0-301F-11D3-BF4B-00C04F79EFBC}") = "DogGenetics", "DogGenetics\DogGenetics.csproj", "{A6CFD373-9799-4E34-B8C5-9751AC85438E}"
EndProject
Global
	GlobalSection(SolutionConfigurationPlatforms) = preSolution
		Debug|Any CPU = Debug|Any CPU
		Release|Any CPU = Release|Any CPU
	EndGlobalSection
	GlobalSection(ProjectConfigurationPlatforms) = postSolution
		{A6CFD373-9799-4E34-B8C5-9751AC85438E}.Debug|Any CPU.ActiveCfg = Debug|Any CPU
		{A6CFD373-9799-4E34-B8C5-9751AC85438E}.Debug|Any CPU.Build.0 = Debug|Any CPU
		{A6CFD373-9799-4E34-B8C5-9751AC85438E}.Release|Any CPU.ActiveCfg = Release|Any CPU
		{A6CFD373-9799-4E34-B8C5-9751AC85438E}.Release|Any CPU.Build.0 = Release|Any CPU
	EndGlobalSection
	GlobalSection(SolutionProperties) = preSolution
		HideSolutionNode = FALSE
	EndGlobalSection
	GlobalSection(ExtensibilityGlobals) = postSolution
		SolutionGuid = {16A3073E-6E1A-45AC-B444-9C12EB00D52F}
	EndGlobalSection
EndGlobal
